
Microsoft Visual Studio Solution File, Format Version 12.00
Project("{FAE04EC0-301F-11D3-BF4B-00C04F79EFBC}") = "P2CodeExecution", "P2CodeExecution\P2CodeExecution.csproj", "{0E97D405-5CC7-4F35-9DFE-67FD12E86111}"
EndProject
Project("{FAE04EC0-301F-11D3-BF4B-00C04F79EFBC}") = "P3PrintingOutput", "P3PrintingOutput\P3PrintingOutput.csproj", "{94343DBF-0F1A-4C36-8100-91A5D7DA8F52}"
EndProject
Project("{FAE04EC0-301F-11D3-BF4B-00C04F79EFBC}") = "P4Comments", "P4Comments\P4Comments.csproj", "{D3F25792-A289-40A7-AFEE-3C9429F4DD2D}"
EndProject
Project("{FAE04EC0-301F-11D3-BF4B-00C04F79EFBC}") = "P5Variables", "P5Variables\P5Variables.csproj", "{FF544F48-47BD-4FCC-8C58-67D5981ABE3F}"
EndProject
Project("{FAE04EC0-301F-11D3-BF4B-00C04F79EFBC}") = "P6DataTypes", "P6DataTypes\P6DataTypes.csproj", "{9C5A9CAC-6258-4582-A001-CADBD4287B4E}"
EndProject
Project("{FAE04EC0-301F-11D3-BF4B-00C04F79EFBC}") = "P7Input", "P7Input\P7Input.csproj", "{59D3FC9A-BF76-42B4-8D78-0392729EC00D}"
EndProject
Project("{FAE04EC0-301F-11D3-BF4B-00C04F79EFBC}") = "P8Conversion", "P8Conversion\P8Conversion.csproj", "{06ADA34F-9140-4BC6-B34F-D8B53659DB2B}"
EndProject
<<<<<<< HEAD
Project("{FAE04EC0-301F-11D3-BF4B-00C04F79EFBC}") = "P9_01_02_03_Operators", "P9_01_02_03_Operators\P9_01_02_03_Operators.csproj", "{AAD216A9-247F-45E1-B61E-76CF742E6F49}"
EndProject
Project("{FAE04EC0-301F-11D3-BF4B-00C04F79EFBC}") = "P9_04Remainder", "P9_04Remainder\P9_04Remainder.csproj", "{164670F5-628B-4096-B1E3-322DC40E47BA}"
=======
EndProject
Project("{FAE04EC0-301F-11D3-BF4B-00C04F79EFBC}") = "P09_05CircleArea", "P09_05CircleArea\P09_05CircleArea.csproj", "{D3DD9C8F-D3B2-41F4-AC2F-F6ABE5632E0E}"
EndProject
Project("{FAE04EC0-301F-11D3-BF4B-00C04F79EFBC}") = "P09_06Negation", "P09_06Negation\P09_06Negation.csproj", "{AABD0396-9AD9-4DD3-B52F-B0AA087E7363}"
EndProject
Project("{FAE04EC0-301F-11D3-BF4B-00C04F79EFBC}") = "P09_07Product", "P09_07Product\P09_07Product.csproj", "{1A8A326A-0D2C-409D-B0A4-4DEB1F6E5491}"
EndProject
Project("{FAE04EC0-301F-11D3-BF4B-00C04F79EFBC}") = "P09_08BMI", "P09_08BMI\P09_08BMI.csproj", "{81A817EE-324D-4C3F-8D43-87ABC26E17E2}"
EndProject
Project("{FAE04EC0-301F-11D3-BF4B-00C04F79EFBC}") = "P09_09Hypotenuse", "P09_09Hypotenuse\P09_09Hypotenuse.csproj", "{1C56FCA5-1B6B-4CE7-BD20-EAEE25B7C4DF}"
EndProject
Global
	GlobalSection(SolutionConfigurationPlatforms) = preSolution
		Debug|Any CPU = Debug|Any CPU
		Release|Any CPU = Release|Any CPU
	EndGlobalSection
	GlobalSection(ProjectConfigurationPlatforms) = postSolution
		{0E97D405-5CC7-4F35-9DFE-67FD12E86111}.Debug|Any CPU.ActiveCfg = Debug|Any CPU
		{0E97D405-5CC7-4F35-9DFE-67FD12E86111}.Debug|Any CPU.Build.0 = Debug|Any CPU
		{0E97D405-5CC7-4F35-9DFE-67FD12E86111}.Release|Any CPU.ActiveCfg = Release|Any CPU
		{0E97D405-5CC7-4F35-9DFE-67FD12E86111}.Release|Any CPU.Build.0 = Release|Any CPU
		{94343DBF-0F1A-4C36-8100-91A5D7DA8F52}.Debug|Any CPU.ActiveCfg = Debug|Any CPU
		{94343DBF-0F1A-4C36-8100-91A5D7DA8F52}.Debug|Any CPU.Build.0 = Debug|Any CPU
		{94343DBF-0F1A-4C36-8100-91A5D7DA8F52}.Release|Any CPU.ActiveCfg = Release|Any CPU
		{94343DBF-0F1A-4C36-8100-91A5D7DA8F52}.Release|Any CPU.Build.0 = Release|Any CPU
		{D3F25792-A289-40A7-AFEE-3C9429F4DD2D}.Debug|Any CPU.ActiveCfg = Debug|Any CPU
		{D3F25792-A289-40A7-AFEE-3C9429F4DD2D}.Debug|Any CPU.Build.0 = Debug|Any CPU
		{D3F25792-A289-40A7-AFEE-3C9429F4DD2D}.Release|Any CPU.ActiveCfg = Release|Any CPU
		{D3F25792-A289-40A7-AFEE-3C9429F4DD2D}.Release|Any CPU.Build.0 = Release|Any CPU
		{FF544F48-47BD-4FCC-8C58-67D5981ABE3F}.Debug|Any CPU.ActiveCfg = Debug|Any CPU
		{FF544F48-47BD-4FCC-8C58-67D5981ABE3F}.Debug|Any CPU.Build.0 = Debug|Any CPU
		{FF544F48-47BD-4FCC-8C58-67D5981ABE3F}.Release|Any CPU.ActiveCfg = Release|Any CPU
		{FF544F48-47BD-4FCC-8C58-67D5981ABE3F}.Release|Any CPU.Build.0 = Release|Any CPU
		{9C5A9CAC-6258-4582-A001-CADBD4287B4E}.Debug|Any CPU.ActiveCfg = Debug|Any CPU
		{9C5A9CAC-6258-4582-A001-CADBD4287B4E}.Debug|Any CPU.Build.0 = Debug|Any CPU
		{9C5A9CAC-6258-4582-A001-CADBD4287B4E}.Release|Any CPU.ActiveCfg = Release|Any CPU
		{9C5A9CAC-6258-4582-A001-CADBD4287B4E}.Release|Any CPU.Build.0 = Release|Any CPU
		{59D3FC9A-BF76-42B4-8D78-0392729EC00D}.Debug|Any CPU.ActiveCfg = Debug|Any CPU
		{59D3FC9A-BF76-42B4-8D78-0392729EC00D}.Debug|Any CPU.Build.0 = Debug|Any CPU
		{59D3FC9A-BF76-42B4-8D78-0392729EC00D}.Release|Any CPU.ActiveCfg = Release|Any CPU
		{59D3FC9A-BF76-42B4-8D78-0392729EC00D}.Release|Any CPU.Build.0 = Release|Any CPU
		{06ADA34F-9140-4BC6-B34F-D8B53659DB2B}.Debug|Any CPU.ActiveCfg = Debug|Any CPU
		{06ADA34F-9140-4BC6-B34F-D8B53659DB2B}.Debug|Any CPU.Build.0 = Debug|Any CPU
		{06ADA34F-9140-4BC6-B34F-D8B53659DB2B}.Release|Any CPU.ActiveCfg = Release|Any CPU
		{06ADA34F-9140-4BC6-B34F-D8B53659DB2B}.Release|Any CPU.Build.0 = Release|Any CPU
		{164670F5-628B-4096-B1E3-322DC40E47BA}.Debug|Any CPU.ActiveCfg = Debug|Any CPU
		{164670F5-628B-4096-B1E3-322DC40E47BA}.Debug|Any CPU.Build.0 = Debug|Any CPU
		{164670F5-628B-4096-B1E3-322DC40E47BA}.Release|Any CPU.ActiveCfg = Release|Any CPU
		{164670F5-628B-4096-B1E3-322DC40E47BA}.Release|Any CPU.Build.0 = Release|Any CPU
		{AAD216A9-247F-45E1-B61E-76CF742E6F49}.Debug|Any CPU.ActiveCfg = Debug|Any CPU
		{AAD216A9-247F-45E1-B61E-76CF742E6F49}.Debug|Any CPU.Build.0 = Debug|Any CPU
		{D3DD9C8F-D3B2-41F4-AC2F-F6ABE5632E0E}.Debug|Any CPU.ActiveCfg = Debug|Any CPU
		{D3DD9C8F-D3B2-41F4-AC2F-F6ABE5632E0E}.Debug|Any CPU.Build.0 = Debug|Any CPU
		{D3DD9C8F-D3B2-41F4-AC2F-F6ABE5632E0E}.Release|Any CPU.ActiveCfg = Release|Any CPU
		{D3DD9C8F-D3B2-41F4-AC2F-F6ABE5632E0E}.Release|Any CPU.Build.0 = Release|Any CPU
		{AABD0396-9AD9-4DD3-B52F-B0AA087E7363}.Debug|Any CPU.ActiveCfg = Debug|Any CPU
		{AABD0396-9AD9-4DD3-B52F-B0AA087E7363}.Debug|Any CPU.Build.0 = Debug|Any CPU
		{AABD0396-9AD9-4DD3-B52F-B0AA087E7363}.Release|Any CPU.ActiveCfg = Release|Any CPU
		{AABD0396-9AD9-4DD3-B52F-B0AA087E7363}.Release|Any CPU.Build.0 = Release|Any CPU
		{1A8A326A-0D2C-409D-B0A4-4DEB1F6E5491}.Debug|Any CPU.ActiveCfg = Debug|Any CPU
		{1A8A326A-0D2C-409D-B0A4-4DEB1F6E5491}.Debug|Any CPU.Build.0 = Debug|Any CPU
		{1A8A326A-0D2C-409D-B0A4-4DEB1F6E5491}.Release|Any CPU.ActiveCfg = Release|Any CPU
		{1A8A326A-0D2C-409D-B0A4-4DEB1F6E5491}.Release|Any CPU.Build.0 = Release|Any CPU
		{81A817EE-324D-4C3F-8D43-87ABC26E17E2}.Debug|Any CPU.ActiveCfg = Debug|Any CPU
		{81A817EE-324D-4C3F-8D43-87ABC26E17E2}.Debug|Any CPU.Build.0 = Debug|Any CPU
		{81A817EE-324D-4C3F-8D43-87ABC26E17E2}.Release|Any CPU.ActiveCfg = Release|Any CPU
		{81A817EE-324D-4C3F-8D43-87ABC26E17E2}.Release|Any CPU.Build.0 = Release|Any CPU
		{1C56FCA5-1B6B-4CE7-BD20-EAEE25B7C4DF}.Debug|Any CPU.ActiveCfg = Debug|Any CPU
		{1C56FCA5-1B6B-4CE7-BD20-EAEE25B7C4DF}.Debug|Any CPU.Build.0 = Debug|Any CPU
		{1C56FCA5-1B6B-4CE7-BD20-EAEE25B7C4DF}.Release|Any CPU.ActiveCfg = Release|Any CPU
		{1C56FCA5-1B6B-4CE7-BD20-EAEE25B7C4DF}.Release|Any CPU.Build.0 = Release|Any CPU
	EndGlobalSection
EndGlobal
